{
  "version": 4,
  "terraform_version": "1.4.6",
  "serial": 46,
  "lineage": "b77fa2bf-fba8-f94f-247c-e85c92d3efd5",
  "outputs": {},
  "resources": [
    {
      "mode": "data",
      "type": "google_project",
      "name": "project",
      "provider": "provider[\"registry.terraform.io/hashicorp/google\"]",
      "instances": [
        {
          "schema_version": 0,
          "attributes": {
            "auto_create_network": null,
            "billing_account": "016030-565CFA-16F059",
            "folder_id": null,
            "id": "projects/quick-prototype-template",
            "labels": {},
            "name": "quick-prototype-template",
            "number": "1007663568498",
            "org_id": null,
            "project_id": "quick-prototype-template",
            "skip_delete": null
          },
          "sensitive_attributes": []
        }
      ]
    },
    {
      "mode": "managed",
      "type": "google_cloud_run_v2_service",
      "name": "default",
      "provider": "provider[\"registry.terraform.io/hashicorp/google\"]",
      "instances": []
    },
    {
      "mode": "managed",
      "type": "google_project_service",
      "name": "run_api",
      "provider": "provider[\"registry.terraform.io/hashicorp/google\"]",
      "instances": [
        {
          "schema_version": 0,
          "attributes": {
            "disable_dependent_services": null,
            "disable_on_destroy": true,
            "id": "quick-prototype-template/run.googleapis.com",
            "project": "quick-prototype-template",
            "service": "run.googleapis.com",
            "timeouts": null
          },
          "sensitive_attributes": [],
          "private": "eyJlMmJmYjczMC1lY2FhLTExZTYtOGY4OC0zNDM2M2JjN2M0YzAiOnsiY3JlYXRlIjoxMjAwMDAwMDAwMDAwLCJkZWxldGUiOjEyMDAwMDAwMDAwMDAsInJlYWQiOjYwMDAwMDAwMDAwMCwidXBkYXRlIjoxMjAwMDAwMDAwMDAwfX0="
        }
      ]
    },
    {
      "mode": "managed",
      "type": "google_secret_manager_secret_iam_member",
      "name": "secret-access",
      "provider": "provider[\"registry.terraform.io/hashicorp/google\"]",
      "instances": []
    },
    {
      "mode": "managed",
      "type": "google_secret_manager_secret_version",
      "name": "secret-version-data",
      "provider": "provider[\"registry.terraform.io/hashicorp/google\"]",
      "instances": []
    },
    {
      "mode": "managed",
      "type": "google_sql_database_instance",
      "name": "instance",
      "provider": "provider[\"registry.terraform.io/hashicorp/google\"]",
      "instances": [
        {
          "schema_version": 0,
          "attributes": {
            "available_maintenance_versions": [],
            "clone": [],
            "connection_name": "quick-prototype-template:us-central1:cloudrun-sql",
            "database_version": "POSTGRES_14",
            "deletion_protection": false,
            "encryption_key_name": null,
            "first_ip_address": "104.154.237.53",
            "id": "cloudrun-sql",
            "instance_type": "CLOUD_SQL_INSTANCE",
            "ip_address": [
              {
                "ip_address": "104.154.237.53",
                "time_to_retire": "",
                "type": "PRIMARY"
              },
              {
                "ip_address": "35.184.97.250",
                "time_to_retire": "",
                "type": "OUTGOING"
              }
            ],
            "maintenance_version": "POSTGRES_14_5.R20230316.02_05",
            "master_instance_name": "",
            "name": "cloudrun-sql",
            "private_ip_address": "",
            "project": "quick-prototype-template",
            "public_ip_address": "104.154.237.53",
            "region": "us-central1",
            "replica_configuration": [],
            "restore_backup_context": [],
            "root_password": null,
            "self_link": "https://sqladmin.googleapis.com/sql/v1beta4/projects/quick-prototype-template/instances/cloudrun-sql",
            "server_ca_cert": [
              {
                "cert": "-----BEGIN CERTIFICATE-----\nMIIDfzCCAmegAwIBAgIBADANBgkqhkiG9w0BAQsFADB3MS0wKwYDVQQuEyRmMTI2\nOGQwMS0zY2EzLTRjZmItOTFkMC0wZjRiMDRhYjEyZDkxIzAhBgNVBAMTGkdvb2ds\nZSBDbG91ZCBTUUwgU2VydmVyIENBMRQwEgYDVQQKEwtHb29nbGUsIEluYzELMAkG\nA1UEBhMCVVMwHhcNMjMwNTI1MjEwNzI5WhcNMzMwNTIyMjEwODI5WjB3MS0wKwYD\nVQQuEyRmMTI2OGQwMS0zY2EzLTRjZmItOTFkMC0wZjRiMDRhYjEyZDkxIzAhBgNV\nBAMTGkdvb2dsZSBDbG91ZCBTUUwgU2VydmVyIENBMRQwEgYDVQQKEwtHb29nbGUs\nIEluYzELMAkGA1UEBhMCVVMwggEiMA0GCSqGSIb3DQEBAQUAA4IBDwAwggEKAoIB\nAQCos+AJk/hGUNN06jh9ifGVyO0uakKWBF3HkyIeBoRl5sZoWed3CXPnzdSeQuDB\nv5nOS/Amg1BV1bJXseIIJMtLqndM0KDWIEokGdaur3+DtDkPs0stKWCS6jhjoWaG\nFuuW2LrFNBSGmqryUdn8EIYGOOU8h/+BEMbHqeDl/KcAvlP4JcCPd/2JvpXjrYn2\nXUdT30eVXR6Ci6Cpv6gsbWGvrZ9lM1BL33JZFOPL/QNDamxRtMnT1zCMAk7wRM6Z\n4aYfs6laesCtKmKo/9/ANAu18EuD0c7TNIxaC3jZcg6dxxJn7lRNwpfRZJUdys6i\nvrDP+1BkWIg7YbfjC0adfZLlAgMBAAGjFjAUMBIGA1UdEwEB/wQIMAYBAf8CAQAw\nDQYJKoZIhvcNAQELBQADggEBAHZwNGn2GiE9s5a7rSqWR/kEZJZakuJtxeb91Mu2\nh+cAI9/toNsIzCOy5B+941JD/7SLVAUVRKhstbbfXRNqWFVdUTmuV/2ydYIrlWnd\nxqiqTTz/hm5HSKH3h6mvoMteITuIqUWkTckMRBNa5hBTFOltfIhbCC0PgVxWmQax\nmHjlGbL0xbj5upye1QNpuVXTF8wOe0l220As6BlV2SLz8lmg/NbjTSaOu2fHpvE4\nGVWS3mN1AmuMZmsvp934rHCFSp9QGBtnPJD4wZkv0AwWGIcatOgSJ83cyjg10S7n\naXovGtR46n9xrqI1dQLI5BIV7AvK/V70/ANuRhiY4n44gEI=\n-----END CERTIFICATE-----",
                "common_name": "C=US,O=Google\\, Inc,CN=Google Cloud SQL Server CA,dnQualifier=f1268d01-3ca3-4cfb-91d0-0f4b04ab12d9",
                "create_time": "2023-05-25T21:07:29.402Z",
                "expiration_time": "2033-05-22T21:08:29.402Z",
                "sha1_fingerprint": "575a685851b07509b34539861a6b1052e32573a7"
              }
            ],
            "service_account_email_address": "p1007663568498-y262kl@gcp-sa-cloud-sql.iam.gserviceaccount.com",
            "settings": [
              {
                "activation_policy": "ALWAYS",
                "active_directory_config": [],
                "availability_type": "ZONAL",
                "backup_configuration": [
                  {
                    "backup_retention_settings": [
                      {
                        "retained_backups": 7,
                        "retention_unit": "COUNT"
                      }
                    ],
                    "binary_log_enabled": false,
                    "enabled": false,
                    "location": "",
                    "point_in_time_recovery_enabled": false,
                    "start_time": "08:00",
                    "transaction_log_retention_days": 7
                  }
                ],
                "collation": "",
                "connector_enforcement": "NOT_REQUIRED",
                "database_flags": [],
                "deletion_protection_enabled": false,
                "deny_maintenance_period": [],
                "disk_autoresize": true,
                "disk_autoresize_limit": 0,
                "disk_size": 10,
                "disk_type": "PD_SSD",
                "insights_config": [],
                "ip_configuration": [
                  {
                    "allocated_ip_range": "",
                    "authorized_networks": [],
                    "enable_private_path_for_google_cloud_services": false,
                    "ipv4_enabled": true,
                    "private_network": "",
                    "require_ssl": false
                  }
                ],
                "location_preference": [
                  {
                    "follow_gae_application": "",
                    "secondary_zone": "",
                    "zone": "us-central1-c"
                  }
                ],
                "maintenance_window": [],
                "password_validation_policy": [],
                "pricing_plan": "PER_USE",
                "sql_server_audit_config": [],
                "tier": "db-f1-micro",
                "time_zone": "",
                "user_labels": {},
                "version": 1
              }
            ],
            "timeouts": null
          },
          "sensitive_attributes": [],
          "private": "eyJlMmJmYjczMC1lY2FhLTExZTYtOGY4OC0zNDM2M2JjN2M0YzAiOnsiY3JlYXRlIjoyNDAwMDAwMDAwMDAwLCJkZWxldGUiOjE4MDAwMDAwMDAwMDAsInVwZGF0ZSI6MTgwMDAwMDAwMDAwMH19"
        }
      ]
    }
  ],
  "check_results": null
}
